# generated by rye
# use `rye lock` or `rye sync` to update this lockfile
#
# last locked with the following flags:
#   pre: false
#   features: []
#   all-features: false
#   with-sources: false
#   generate-hashes: false
#   universal: false

-e file:.
aiohttp==3.9.3
    # via edgetrans
aiosignal==1.3.1
    # via aiohttp
attrs==23.2.0
    # via aiohttp
colorama==0.4.6
    # via pytest
coverage==7.4.1
    # via pytest-cov
frozenlist==1.4.1
    # via aiohttp
    # via aiosignal
idna==3.6
    # via yarl
iniconfig==2.0.0
    # via pytest
multidict==6.0.5
    # via aiohttp
    # via yarl
packaging==23.2
    # via pytest
pluggy==1.4.0
    # via pytest
pytest==8.0.0
    # via pytest-asyncio
    # via pytest-cov
pytest-asyncio==0.23.5
pytest-cov==4.1.0
yarl==1.9.4
    # via aiohttp
